
Microsoft Visual Studio Solution File, Format Version 12.00
# Visual Studio 15
VisualStudioVersion = 15.0.28010.2050
MinimumVisualStudioVersion = 10.0.40219.1
Project("{FAE04EC0-301F-11D3-BF4B-00C04F79EFBC}") = "DATAFROMXML", "DATAFROMXML\DATAFROMXML.csproj", "{5EA95DD1-12DF-4C1C-92EB-55FDA666463D}"
EndProject
Global
	GlobalSection(SolutionConfigurationPlatforms) = preSolution
		Debug|Any CPU = Debug|Any CPU
		Release|Any CPU = Release|Any CPU
	EndGlobalSection
	GlobalSection(ProjectConfigurationPlatforms) = postSolution
		{5EA95DD1-12DF-4C1C-92EB-55FDA666463D}.Debug|Any CPU.ActiveCfg = Debug|Any CPU
		{5EA95DD1-12DF-4C1C-92EB-55FDA666463D}.Debug|Any CPU.Build.0 = Debug|Any CPU
		{5EA95DD1-12DF-4C1C-92EB-55FDA666463D}.Release|Any CPU.ActiveCfg = Release|Any CPU
		{5EA95DD1-12DF-4C1C-92EB-55FDA666463D}.Release|Any CPU.Build.0 = Release|Any CPU
	EndGlobalSection
	GlobalSection(SolutionProperties) = preSolution
		HideSolutionNode = FALSE
	EndGlobalSection
	GlobalSection(ExtensibilityGlobals) = postSolution
		SolutionGuid = {472F1029-D27F-4560-895E-2038ECE05D1E}
	EndGlobalSection
EndGlobal
