
Microsoft Visual Studio Solution File, Format Version 12.00
# Visual Studio 15
VisualStudioVersion = 15.0.28010.2050
MinimumVisualStudioVersion = 10.0.40219.1
Project("{FAE04EC0-301F-11D3-BF4B-00C04F79EFBC}") = "PassingDataToThreads", "PassingDataToThreads\PassingDataToThreads.csproj", "{1D803F7B-7711-4351-B553-976CDC0562B1}"
EndProject
Project("{FAE04EC0-301F-11D3-BF4B-00C04F79EFBC}") = "ThreadWithState", "ThreadWithState\ThreadWithState.csproj", "{0758E759-36DA-4565-B15B-8980CBE2BAE6}"
EndProject
Global
	GlobalSection(SolutionConfigurationPlatforms) = preSolution
		Debug|Any CPU = Debug|Any CPU
		Release|Any CPU = Release|Any CPU
	EndGlobalSection
	GlobalSection(ProjectConfigurationPlatforms) = postSolution
		{1D803F7B-7711-4351-B553-976CDC0562B1}.Debug|Any CPU.ActiveCfg = Debug|Any CPU
		{1D803F7B-7711-4351-B553-976CDC0562B1}.Debug|Any CPU.Build.0 = Debug|Any CPU
		{1D803F7B-7711-4351-B553-976CDC0562B1}.Release|Any CPU.ActiveCfg = Release|Any CPU
		{1D803F7B-7711-4351-B553-976CDC0562B1}.Release|Any CPU.Build.0 = Release|Any CPU
		{0758E759-36DA-4565-B15B-8980CBE2BAE6}.Debug|Any CPU.ActiveCfg = Debug|Any CPU
		{0758E759-36DA-4565-B15B-8980CBE2BAE6}.Debug|Any CPU.Build.0 = Debug|Any CPU
		{0758E759-36DA-4565-B15B-8980CBE2BAE6}.Release|Any CPU.ActiveCfg = Release|Any CPU
		{0758E759-36DA-4565-B15B-8980CBE2BAE6}.Release|Any CPU.Build.0 = Release|Any CPU
	EndGlobalSection
	GlobalSection(SolutionProperties) = preSolution
		HideSolutionNode = FALSE
	EndGlobalSection
	GlobalSection(ExtensibilityGlobals) = postSolution
		SolutionGuid = {7691ABDD-81DA-4A77-A381-80EE90EF6E3F}
	EndGlobalSection
EndGlobal
