
Microsoft Visual Studio Solution File, Format Version 12.00
# Visual Studio 15
VisualStudioVersion = 15.0.28010.2050
MinimumVisualStudioVersion = 10.0.40219.1
Project("{FAE04EC0-301F-11D3-BF4B-00C04F79EFBC}") = "Task1", "Task1\Task1.csproj", "{B5255EA3-F5F6-41E0-8654-4110736C8AE8}"
EndProject
Project("{FAE04EC0-301F-11D3-BF4B-00C04F79EFBC}") = "Task2(WaitAll)", "Task2(WaitAll)\Task2(WaitAll).csproj", "{DFE471EB-96D8-4C8C-948A-B2E9675EAC5D}"
EndProject
Global
	GlobalSection(SolutionConfigurationPlatforms) = preSolution
		Debug|Any CPU = Debug|Any CPU
		Release|Any CPU = Release|Any CPU
	EndGlobalSection
	GlobalSection(ProjectConfigurationPlatforms) = postSolution
		{B5255EA3-F5F6-41E0-8654-4110736C8AE8}.Debug|Any CPU.ActiveCfg = Debug|Any CPU
		{B5255EA3-F5F6-41E0-8654-4110736C8AE8}.Debug|Any CPU.Build.0 = Debug|Any CPU
		{B5255EA3-F5F6-41E0-8654-4110736C8AE8}.Release|Any CPU.ActiveCfg = Release|Any CPU
		{B5255EA3-F5F6-41E0-8654-4110736C8AE8}.Release|Any CPU.Build.0 = Release|Any CPU
		{DFE471EB-96D8-4C8C-948A-B2E9675EAC5D}.Debug|Any CPU.ActiveCfg = Debug|Any CPU
		{DFE471EB-96D8-4C8C-948A-B2E9675EAC5D}.Debug|Any CPU.Build.0 = Debug|Any CPU
		{DFE471EB-96D8-4C8C-948A-B2E9675EAC5D}.Release|Any CPU.ActiveCfg = Release|Any CPU
		{DFE471EB-96D8-4C8C-948A-B2E9675EAC5D}.Release|Any CPU.Build.0 = Release|Any CPU
	EndGlobalSection
	GlobalSection(SolutionProperties) = preSolution
		HideSolutionNode = FALSE
	EndGlobalSection
	GlobalSection(ExtensibilityGlobals) = postSolution
		SolutionGuid = {660431DE-27D3-4DCF-A6D5-244C9491656D}
	EndGlobalSection
EndGlobal
