
Microsoft Visual Studio Solution File, Format Version 12.00
# Visual Studio 15
VisualStudioVersion = 15.0.26430.12
MinimumVisualStudioVersion = 10.0.40219.1
Project("{FAE04EC0-301F-11D3-BF4B-00C04F79EFBC}") = "AssessmentConnected", "Assessment\AssessmentConnected.csproj", "{C9CA4AC0-BBEA-4072-AAAA-4A763E682812}"
EndProject
Project("{FAE04EC0-301F-11D3-BF4B-00C04F79EFBC}") = "AssessmentDisconnected", "AssessmentDisconnected\AssessmentDisconnected.csproj", "{7B99A14D-25A0-4EFE-BA2A-C430BF8ABDBD}"
EndProject
Global
	GlobalSection(SolutionConfigurationPlatforms) = preSolution
		Debug|Any CPU = Debug|Any CPU
		Release|Any CPU = Release|Any CPU
	EndGlobalSection
	GlobalSection(ProjectConfigurationPlatforms) = postSolution
		{C9CA4AC0-BBEA-4072-AAAA-4A763E682812}.Debug|Any CPU.ActiveCfg = Debug|Any CPU
		{C9CA4AC0-BBEA-4072-AAAA-4A763E682812}.Debug|Any CPU.Build.0 = Debug|Any CPU
		{C9CA4AC0-BBEA-4072-AAAA-4A763E682812}.Release|Any CPU.ActiveCfg = Release|Any CPU
		{C9CA4AC0-BBEA-4072-AAAA-4A763E682812}.Release|Any CPU.Build.0 = Release|Any CPU
		{7B99A14D-25A0-4EFE-BA2A-C430BF8ABDBD}.Debug|Any CPU.ActiveCfg = Debug|Any CPU
		{7B99A14D-25A0-4EFE-BA2A-C430BF8ABDBD}.Debug|Any CPU.Build.0 = Debug|Any CPU
		{7B99A14D-25A0-4EFE-BA2A-C430BF8ABDBD}.Release|Any CPU.ActiveCfg = Release|Any CPU
		{7B99A14D-25A0-4EFE-BA2A-C430BF8ABDBD}.Release|Any CPU.Build.0 = Release|Any CPU
	EndGlobalSection
	GlobalSection(SolutionProperties) = preSolution
		HideSolutionNode = FALSE
	EndGlobalSection
EndGlobal
